
Microsoft Visual Studio Solution File, Format Version 12.00
# Visual Studio Version 17
VisualStudioVersion = 17.3.32929.385
MinimumVisualStudioVersion = 10.0.40219.1
Project("{FAE04EC0-301F-11D3-BF4B-00C04F79EFBC}") = "JobOffers", "JobOffers\JobOffers.csproj", "{020661DA-25CD-4F2B-B220-EFE41060E3DF}"
EndProject
Project("{FAE04EC0-301F-11D3-BF4B-00C04F79EFBC}") = "Domains", "Domains\Domains.csproj", "{8DEBD97A-98E7-4C32-A734-B110A194979B}"
EndProject
Project("{FAE04EC0-301F-11D3-BF4B-00C04F79EFBC}") = "Bl", "Bl\Bl.csproj", "{29150B57-B8C1-418C-9DC5-F1ADADEEDC8C}"
EndProject
Global
	GlobalSection(SolutionConfigurationPlatforms) = preSolution
		Debug|Any CPU = Debug|Any CPU
		Release|Any CPU = Release|Any CPU
	EndGlobalSection
	GlobalSection(ProjectConfigurationPlatforms) = postSolution
		{020661DA-25CD-4F2B-B220-EFE41060E3DF}.Debug|Any CPU.ActiveCfg = Debug|Any CPU
		{020661DA-25CD-4F2B-B220-EFE41060E3DF}.Debug|Any CPU.Build.0 = Debug|Any CPU
		{020661DA-25CD-4F2B-B220-EFE41060E3DF}.Release|Any CPU.ActiveCfg = Release|Any CPU
		{020661DA-25CD-4F2B-B220-EFE41060E3DF}.Release|Any CPU.Build.0 = Release|Any CPU
		{8DEBD97A-98E7-4C32-A734-B110A194979B}.Debug|Any CPU.ActiveCfg = Debug|Any CPU
		{8DEBD97A-98E7-4C32-A734-B110A194979B}.Debug|Any CPU.Build.0 = Debug|Any CPU
		{8DEBD97A-98E7-4C32-A734-B110A194979B}.Release|Any CPU.ActiveCfg = Release|Any CPU
		{8DEBD97A-98E7-4C32-A734-B110A194979B}.Release|Any CPU.Build.0 = Release|Any CPU
		{29150B57-B8C1-418C-9DC5-F1ADADEEDC8C}.Debug|Any CPU.ActiveCfg = Debug|Any CPU
		{29150B57-B8C1-418C-9DC5-F1ADADEEDC8C}.Debug|Any CPU.Build.0 = Debug|Any CPU
		{29150B57-B8C1-418C-9DC5-F1ADADEEDC8C}.Release|Any CPU.ActiveCfg = Release|Any CPU
		{29150B57-B8C1-418C-9DC5-F1ADADEEDC8C}.Release|Any CPU.Build.0 = Release|Any CPU
	EndGlobalSection
	GlobalSection(SolutionProperties) = preSolution
		HideSolutionNode = FALSE
	EndGlobalSection
	GlobalSection(ExtensibilityGlobals) = postSolution
		SolutionGuid = {BA005A33-2D44-46E8-884D-1BED574771C0}
	EndGlobalSection
EndGlobal
